# AC-DL-2 §5 negative-control fixture: a deliberately planted excluded
# dependency graph. The gate must FAIL on this input — proving the scanner
# actually fires. Exercised by tests/acdl2_scanner.rs and by the CI
# negative-control step.
version = 4

[[package]]
name = "holmes-guard"
version = "0.1.0"

[[package]]
name = "serde"
version = "1.0.219"
source = "registry+https://github.com/rust-lang/crates.io-index"

[[package]]
name = "async-openai"
version = "0.20.0"
source = "registry+https://github.com/rust-lang/crates.io-index"

[[package]]
name = "tiktoken-rs"
version = "0.5.9"
source = "registry+https://github.com/rust-lang/crates.io-index"

[[package]]
name = "litellm"
version = "1.0.0"

[[package]]
name = "openrouter"
version = "0.3.0"

[[package]]
name = "llama-cpp-2"
version = "0.1.67"
source = "registry+https://github.com/rust-lang/crates.io-index"
